
Microsoft Visual Studio Solution File, Format Version 12.00
# Visual Studio 15
Project("{FAE04EC0-301F-11D3-BF4B-00C04F79EFBC}") = "Assembly-CSharp", "Assembly-CSharp.csproj", "{F697E3C7-2C24-752D-153D-B4CDCE9B6EC4}"
EndProject
Project("{FAE04EC0-301F-11D3-BF4B-00C04F79EFBC}") = "Assembly-CSharp-Editor", "Assembly-CSharp-Editor.csproj", "{10DBEB6D-C356-F8AB-ED58-FBC888519832}"
EndProject
Global
	GlobalSection(SolutionConfigurationPlatforms) = preSolution
		Debug|Any CPU = Debug|Any CPU
		Release|Any CPU = Release|Any CPU
	EndGlobalSection
	GlobalSection(ProjectConfigurationPlatforms) = postSolution
		{F697E3C7-2C24-752D-153D-B4CDCE9B6EC4}.Debug|Any CPU.ActiveCfg = Debug|Any CPU
		{F697E3C7-2C24-752D-153D-B4CDCE9B6EC4}.Debug|Any CPU.Build.0 = Debug|Any CPU
		{F697E3C7-2C24-752D-153D-B4CDCE9B6EC4}.Release|Any CPU.ActiveCfg = Release|Any CPU
		{F697E3C7-2C24-752D-153D-B4CDCE9B6EC4}.Release|Any CPU.Build.0 = Release|Any CPU
		{10DBEB6D-C356-F8AB-ED58-FBC888519832}.Debug|Any CPU.ActiveCfg = Debug|Any CPU
		{10DBEB6D-C356-F8AB-ED58-FBC888519832}.Debug|Any CPU.Build.0 = Debug|Any CPU
		{10DBEB6D-C356-F8AB-ED58-FBC888519832}.Release|Any CPU.ActiveCfg = Release|Any CPU
		{10DBEB6D-C356-F8AB-ED58-FBC888519832}.Release|Any CPU.Build.0 = Release|Any CPU
	EndGlobalSection
	GlobalSection(SolutionProperties) = preSolution
		HideSolutionNode = FALSE
	EndGlobalSection
EndGlobal
